// !$*UTF8*$!
{
	archiveVersion = 1;
	classes = {
	};
	objectVersion = 50;
	objects = {

/* Begin PBXBuildFile section */
		8CF9CA3428684518003E62F7 /* AppDelegate.swift in Sources */ = {isa = PBXBuildFile; fileRef = 8CF9CA3328684518003E62F7 /* AppDelegate.swift */; };
		8CF9CA3628684518003E62F7 /* SceneDelegate.swift in Sources */ = {isa = PBXBuildFile; fileRef = 8CF9CA3528684518003E62F7 /* SceneDelegate.swift */; };
		8CF9CA3828684518003E62F7 /* ViewController.swift in Sources */ = {isa = PBXBuildFile; fileRef = 8CF9CA3728684518003E62F7 /* ViewController.swift */; };
		8CF9CA3B28684518003E62F7 /* Main.storyboard in Resources */ = {isa = PBXBuildFile; fileRef = 8CF9CA3928684518003E62F7 /* Main.storyboard */; };
		8CF9CA3D28684519003E62F7 /* Assets.xcassets in Resources */ = {isa = PBXBuildFile; fileRef = 8CF9CA3C28684519003E62F7 /* Assets.xcassets */; };
		8CF9CA4028684519003E62F7 /* LaunchScreen.storyboard in Resources */ = {isa = PBXBuildFile; fileRef = 8CF9CA3E28684519003E62F7 /* LaunchScreen.storyboard */; };
		8CF9CA4B28684519003E62F7 /* UnitTestWithMockNetworkCallsTests.swift in Sources */ = {isa = PBXBuildFile; fileRef = 8CF9CA4A28684519003E62F7 /* UnitTestWithMockNetworkCallsTests.swift */; };
		8CF9CA5628684519003E62F7 /* UnitTestWithMockNetworkCallsUITests.swift in Sources */ = {isa = PBXBuildFile; fileRef = 8CF9CA5528684519003E62F7 /* UnitTestWithMockNetworkCallsUITests.swift */; };
		8CF9CA6F28684571003E62F7 /* MockDataLoader.swift in Sources */ = {isa = PBXBuildFile; fileRef = 8CF9CA6E28684571003E62F7 /* MockDataLoader.swift */; };
/* End PBXBuildFile section */

/* Begin PBXContainerItemProxy section */
		8CF9CA4728684519003E62F7 /* PBXContainerItemProxy */ = {
			isa = PBXContainerItemProxy;
			containerPortal = 8CF9CA2828684518003E62F7 /* Project object */;
			proxyType = 1;
			remoteGlobalIDString = 8CF9CA2F28684518003E62F7;
			remoteInfo = UnitTestWithMockNetworkCalls;
		};
		8CF9CA5228684519003E62F7 /* PBXContainerItemProxy */ = {
			isa = PBXContainerItemProxy;
			containerPortal = 8CF9CA2828684518003E62F7 /* Project object */;
			proxyType = 1;
			remoteGlobalIDString = 8CF9CA2F28684518003E62F7;
			remoteInfo = UnitTestWithMockNetworkCalls;
		};
/* End PBXContainerItemProxy section */

/* Begin PBXFileReference section */
		8CF9CA3028684518003E62F7 /* UnitTestWithMockNetworkCalls.app */ = {isa = PBXFileReference; explicitFileType = wrapper.application; includeInIndex = 0; path = UnitTestWithMockNetworkCalls.app; sourceTree = BUILT_PRODUCTS_DIR; };
		8CF9CA3328684518003E62F7 /* AppDelegate.swift */ = {isa = PBXFileReference; lastKnownFileType = sourcecode.swift; path = AppDelegate.swift; sourceTree = "<group>"; };
		8CF9CA3528684518003E62F7 /* SceneDelegate.swift */ = {isa = PBXFileReference; lastKnownFileType = sourcecode.swift; path = SceneDelegate.swift; sourceTree = "<group>"; };
		8CF9CA3728684518003E62F7 /* ViewController.swift */ = {isa = PBXFileReference; lastKnownFileType = sourcecode.swift; path = ViewController.swift; sourceTree = "<group>"; };
		8CF9CA3A28684518003E62F7 /* Base */ = {isa = PBXFileReference; lastKnownFileType = file.storyboard; name = Base; path = Base.lproj/Main.storyboard; sourceTree = "<group>"; };
		8CF9CA3C28684519003E62F7 /* Assets.xcassets */ = {isa = PBXFileReference; lastKnownFileType = folder.assetcatalog; path = Assets.xcassets; sourceTree = "<group>"; };
		8CF9CA3F28684519003E62F7 /* Base */ = {isa = PBXFileReference; lastKnownFileType = file.storyboard; name = Base; path = Base.lproj/LaunchScreen.storyboard; sourceTree = "<group>"; };
		8CF9CA4128684519003E62F7 /* Info.plist */ = {isa = PBXFileReference; lastKnownFileType = text.plist.xml; path = Info.plist; sourceTree = "<group>"; };
		8CF9CA4628684519003E62F7 /* UnitTestWithMockNetworkCallsTests.xctest */ = {isa = PBXFileReference; explicitFileType = wrapper.cfbundle; includeInIndex = 0; path = UnitTestWithMockNetworkCallsTests.xctest; sourceTree = BUILT_PRODUCTS_DIR; };
		8CF9CA4A28684519003E62F7 /* UnitTestWithMockNetworkCallsTests.swift */ = {isa = PBXFileReference; lastKnownFileType = sourcecode.swift; path = UnitTestWithMockNetworkCallsTests.swift; sourceTree = "<group>"; };
		8CF9CA4C28684519003E62F7 /* Info.plist */ = {isa = PBXFileReference; lastKnownFileType = text.plist.xml; path = Info.plist; sourceTree = "<group>"; };
		8CF9CA5128684519003E62F7 /* UnitTestWithMockNetworkCallsUITests.xctest */ = {isa = PBXFileReference; explicitFileType = wrapper.cfbundle; includeInIndex = 0; path = UnitTestWithMockNetworkCallsUITests.xctest; sourceTree = BUILT_PRODUCTS_DIR; };
		8CF9CA5528684519003E62F7 /* UnitTestWithMockNetworkCallsUITests.swift */ = {isa = PBXFileReference; lastKnownFileType = sourcecode.swift; path = UnitTestWithMockNetworkCallsUITests.swift; sourceTree = "<group>"; };
		8CF9CA5728684519003E62F7 /* Info.plist */ = {isa = PBXFileReference; lastKnownFileType = text.plist.xml; path = Info.plist; sourceTree = "<group>"; };
		8CF9CA6E28684571003E62F7 /* MockDataLoader.swift */ = {isa = PBXFileReference; lastKnownFileType = sourcecode.swift; path = MockDataLoader.swift; sourceTree = "<group>"; };
/* End PBXFileReference section */

/* Begin PBXFrameworksBuildPhase section */
		8CF9CA2D28684518003E62F7 /* Frameworks */ = {
			isa = PBXFrameworksBuildPhase;
			buildActionMask = 2147483647;
			files = (
			);
			runOnlyForDeploymentPostprocessing = 0;
		};
		8CF9CA4328684519003E62F7 /* Frameworks */ = {
			isa = PBXFrameworksBuildPhase;
			buildActionMask = 2147483647;
			files = (
			);
			runOnlyForDeploymentPostprocessing = 0;
		};
		8CF9CA4E28684519003E62F7 /* Frameworks */ = {
			isa = PBXFrameworksBuildPhase;
			buildActionMask = 2147483647;
			files = (
			);
			runOnlyForDeploymentPostprocessing = 0;
		};
/* End PBXFrameworksBuildPhase section */

/* Begin PBXGroup section */
		8CF9CA2728684518003E62F7 = {
			isa = PBXGroup;
			children = (
				8CF9CA3228684518003E62F7 /* UnitTestWithMockNetworkCalls */,
				8CF9CA4928684519003E62F7 /* UnitTestWithMockNetworkCallsTests */,
				8CF9CA5428684519003E62F7 /* UnitTestWithMockNetworkCallsUITests */,
				8CF9CA3128684518003E62F7 /* Products */,
			);
			sourceTree = "<group>";
		};
		8CF9CA3128684518003E62F7 /* Products */ = {
			isa = PBXGroup;
			children = (
				8CF9CA3028684518003E62F7 /* UnitTestWithMockNetworkCalls.app */,
				8CF9CA4628684519003E62F7 /* UnitTestWithMockNetworkCallsTests.xctest */,
				8CF9CA5128684519003E62F7 /* UnitTestWithMockNetworkCallsUITests.xctest */,
			);
			name = Products;
			sourceTree = "<group>";
		};
		8CF9CA3228684518003E62F7 /* UnitTestWithMockNetworkCalls */ = {
			isa = PBXGroup;
			children = (
				8CF9CA3328684518003E62F7 /* AppDelegate.swift */,
				8CF9CA3528684518003E62F7 /* SceneDelegate.swift */,
				8CF9CA3728684518003E62F7 /* ViewController.swift */,
				8CF9CA3928684518003E62F7 /* Main.storyboard */,
				8CF9CA3C28684519003E62F7 /* Assets.xcassets */,
				8CF9CA3E28684519003E62F7 /* LaunchScreen.storyboard */,
				8CF9CA4128684519003E62F7 /* Info.plist */,
				8CF9CA6E28684571003E62F7 /* MockDataLoader.swift */,
			);
			path = UnitTestWithMockNetworkCalls;
			sourceTree = "<group>";
		};
		8CF9CA4928684519003E62F7 /* UnitTestWithMockNetworkCallsTests */ = {
			isa = PBXGroup;
			children = (
				8CF9CA4A28684519003E62F7 /* UnitTestWithMockNetworkCallsTests.swift */,
				8CF9CA4C28684519003E62F7 /* Info.plist */,
			);
			path = UnitTestWithMockNetworkCallsTests;
			sourceTree = "<group>";
		};
		8CF9CA5428684519003E62F7 /* UnitTestWithMockNetworkCallsUITests */ = {
			isa = PBXGroup;
			children = (
				8CF9CA5528684519003E62F7 /* UnitTestWithMockNetworkCallsUITests.swift */,
				8CF9CA5728684519003E62F7 /* Info.plist */,
			);
			path = UnitTestWithMockNetworkCallsUITests;
			sourceTree = "<group>";
		};
/* End PBXGroup section */

/* Begin PBXNativeTarget section */
		8CF9CA2F28684518003E62F7 /* UnitTestWithMockNetworkCalls */ = {
			isa = PBXNativeTarget;
			buildConfigurationList = 8CF9CA5A28684519003E62F7 /* Build configuration list for PBXNativeTarget "UnitTestWithMockNetworkCalls" */;
			buildPhases = (
				8CF9CA2C28684518003E62F7 /* Sources */,
				8CF9CA2D28684518003E62F7 /* Frameworks */,
				8CF9CA2E28684518003E62F7 /* Resources */,
			);
			buildRules = (
			);
			dependencies = (
			);
			name = UnitTestWithMockNetworkCalls;
			productName = UnitTestWithMockNetworkCalls;
			productReference = 8CF9CA3028684518003E62F7 /* UnitTestWithMockNetworkCalls.app */;
			productType = "com.apple.product-type.application";
		};
		8CF9CA4528684519003E62F7 /* UnitTestWithMockNetworkCallsTests */ = {
			isa = PBXNativeTarget;
			buildConfigurationList = 8CF9CA5D28684519003E62F7 /* Build configuration list for PBXNativeTarget "UnitTestWithMockNetworkCallsTests" */;
			buildPhases = (
				8CF9CA4228684519003E62F7 /* Sources */,
				8CF9CA4328684519003E62F7 /* Frameworks */,
				8CF9CA4428684519003E62F7 /* Resources */,
			);
			buildRules = (
			);
			dependencies = (
				8CF9CA4828684519003E62F7 /* PBXTargetDependency */,
			);
			name = UnitTestWithMockNetworkCallsTests;
			productName = UnitTestWithMockNetworkCallsTests;
			productReference = 8CF9CA4628684519003E62F7 /* UnitTestWithMockNetworkCallsTests.xctest */;
			productType = "com.apple.product-type.bundle.unit-test";
		};
		8CF9CA5028684519003E62F7 /* UnitTestWithMockNetworkCallsUITests */ = {
			isa = PBXNativeTarget;
			buildConfigurationList = 8CF9CA6028684519003E62F7 /* Build configuration list for PBXNativeTarget "UnitTestWithMockNetworkCallsUITests" */;
			buildPhases = (
				8CF9CA4D28684519003E62F7 /* Sources */,
				8CF9CA4E28684519003E62F7 /* Frameworks */,
				8CF9CA4F28684519003E62F7 /* Resources */,
			);
			buildRules = (
			);
			dependencies = (
				8CF9CA5328684519003E62F7 /* PBXTargetDependency */,
			);
			name = UnitTestWithMockNetworkCallsUITests;
			productName = UnitTestWithMockNetworkCallsUITests;
			productReference = 8CF9CA5128684519003E62F7 /* UnitTestWithMockNetworkCallsUITests.xctest */;
			productType = "com.apple.product-type.bundle.ui-testing";
		};
/* End PBXNativeTarget section */

/* Begin PBXProject section */
		8CF9CA2828684518003E62F7 /* Project object */ = {
			isa = PBXProject;
			attributes = {
				LastSwiftUpdateCheck = 1240;
				LastUpgradeCheck = 1240;
				TargetAttributes = {
					8CF9CA2F28684518003E62F7 = {
						CreatedOnToolsVersion = 12.4;
					};
					8CF9CA4528684519003E62F7 = {
						CreatedOnToolsVersion = 12.4;
						TestTargetID = 8CF9CA2F28684518003E62F7;
					};
					8CF9CA5028684519003E62F7 = {
						CreatedOnToolsVersion = 12.4;
						TestTargetID = 8CF9CA2F28684518003E62F7;
					};
				};
			};
			buildConfigurationList = 8CF9CA2B28684518003E62F7 /* Build configuration list for PBXProject "UnitTestWithMockNetworkCalls" */;
			compatibilityVersion = "Xcode 9.3";
			developmentRegion = en;
			hasScannedForEncodings = 0;
			knownRegions = (
				en,
				Base,
			);
			mainGroup = 8CF9CA2728684518003E62F7;
			productRefGroup = 8CF9CA3128684518003E62F7 /* Products */;
			projectDirPath = "";
			projectRoot = "";
			targets = (
				8CF9CA2F28684518003E62F7 /* UnitTestWithMockNetworkCalls */,
				8CF9CA4528684519003E62F7 /* UnitTestWithMockNetworkCallsTests */,
				8CF9CA5028684519003E62F7 /* UnitTestWithMockNetworkCallsUITests */,
			);
		};
/* End PBXProject section */

/* Begin PBXResourcesBuildPhase section */
		8CF9CA2E28684518003E62F7 /* Resources */ = {
			isa = PBXResourcesBuildPhase;
			buildActionMask = 2147483647;
			files = (
				8CF9CA4028684519003E62F7 /* LaunchScreen.storyboard in Resources */,
				8CF9CA3D28684519003E62F7 /* Assets.xcassets in Resources */,
				8CF9CA3B28684518003E62F7 /* Main.storyboard in Resources */,
			);
			runOnlyForDeploymentPostprocessing = 0;
		};
		8CF9CA4428684519003E62F7 /* Resources */ = {
			isa = PBXResourcesBuildPhase;
			buildActionMask = 2147483647;
			files = (
			);
			runOnlyForDeploymentPostprocessing = 0;
		};
		8CF9CA4F28684519003E62F7 /* Resources */ = {
			isa = PBXResourcesBuildPhase;
			buildActionMask = 2147483647;
			files = (
			);
			runOnlyForDeploymentPostprocessing = 0;
		};
/* End PBXResourcesBuildPhase section */

/* Begin PBXSourcesBuildPhase section */
		8CF9CA2C28684518003E62F7 /* Sources */ = {
			isa = PBXSourcesBuildPhase;
			buildActionMask = 2147483647;
			files = (
				8CF9CA3828684518003E62F7 /* ViewController.swift in Sources */,
				8CF9CA3428684518003E62F7 /* AppDelegate.swift in Sources */,
				8CF9CA6F28684571003E62F7 /* MockDataLoader.swift in Sources */,
				8CF9CA3628684518003E62F7 /* SceneDelegate.swift in Sources */,
			);
			runOnlyForDeploymentPostprocessing = 0;
		};
		8CF9CA4228684519003E62F7 /* Sources */ = {
			isa = PBXSourcesBuildPhase;
			buildActionMask = 2147483647;
			files = (
				8CF9CA4B28684519003E62F7 /* UnitTestWithMockNetworkCallsTests.swift in Sources */,
			);
			runOnlyForDeploymentPostprocessing = 0;
		};
		8CF9CA4D28684519003E62F7 /* Sources */ = {
			isa = PBXSourcesBuildPhase;
			buildActionMask = 2147483647;
			files = (
				8CF9CA5628684519003E62F7 /* UnitTestWithMockNetworkCallsUITests.swift in Sources */,
			);
			runOnlyForDeploymentPostprocessing = 0;
		};
/* End PBXSourcesBuildPhase section */

/* Begin PBXTargetDependency section */
		8CF9CA4828684519003E62F7 /* PBXTargetDependency */ = {
			isa = PBXTargetDependency;
			target = 8CF9CA2F28684518003E62F7 /* UnitTestWithMockNetworkCalls */;
			targetProxy = 8CF9CA4728684519003E62F7 /* PBXContainerItemProxy */;
		};
		8CF9CA5328684519003E62F7 /* PBXTargetDependency */ = {
			isa = PBXTargetDependency;
			target = 8CF9CA2F28684518003E62F7 /* UnitTestWithMockNetworkCalls */;
			targetProxy = 8CF9CA5228684519003E62F7 /* PBXContainerItemProxy */;
		};
/* End PBXTargetDependency section */

/* Begin PBXVariantGroup section */
		8CF9CA3928684518003E62F7 /* Main.storyboard */ = {
			isa = PBXVariantGroup;
			children = (
				8CF9CA3A28684518003E62F7 /* Base */,
			);
			name = Main.storyboard;
			sourceTree = "<group>";
		};
		8CF9CA3E28684519003E62F7 /* LaunchScreen.storyboard */ = {
			isa = PBXVariantGroup;
			children = (
				8CF9CA3F28684519003E62F7 /* Base */,
			);
			name = LaunchScreen.storyboard;
			sourceTree = "<group>";
		};
/* End PBXVariantGroup section */

/* Begin XCBuildConfiguration section */
		8CF9CA5828684519003E62F7 /* Debug */ = {
			isa = XCBuildConfiguration;
			buildSettings = {
				ALWAYS_SEARCH_USER_PATHS = NO;
				CLANG_ANALYZER_NONNULL = YES;
				CLANG_ANALYZER_NUMBER_OBJECT_CONVERSION = YES_AGGRESSIVE;
				CLANG_CXX_LANGUAGE_STANDARD = "gnu++14";
				CLANG_CXX_LIBRARY = "libc++";
				CLANG_ENABLE_MODULES = YES;
				CLANG_ENABLE_OBJC_ARC = YES;
				CLANG_ENABLE_OBJC_WEAK = YES;
				CLANG_WARN_BLOCK_CAPTURE_AUTORELEASING = YES;
				CLANG_WARN_BOOL_CONVERSION = YES;
				CLANG_WARN_COMMA = YES;
				CLANG_WARN_CONSTANT_CONVERSION = YES;
				CLANG_WARN_DEPRECATED_OBJC_IMPLEMENTATIONS = YES;
				CLANG_WARN_DIRECT_OBJC_ISA_USAGE = YES_ERROR;
				CLANG_WARN_DOCUMENTATION_COMMENTS = YES;
				CLANG_WARN_EMPTY_BODY = YES;
				CLANG_WARN_ENUM_CONVERSION = YES;
				CLANG_WARN_INFINITE_RECURSION = YES;
				CLANG_WARN_INT_CONVERSION = YES;
				CLANG_WARN_NON_LITERAL_NULL_CONVERSION = YES;
				CLANG_WARN_OBJC_IMPLICIT_RETAIN_SELF = YES;
				CLANG_WARN_OBJC_LITERAL_CONVERSION = YES;
				CLANG_WARN_OBJC_ROOT_CLASS = YES_ERROR;
				CLANG_WARN_QUOTED_INCLUDE_IN_FRAMEWORK_HEADER = YES;
				CLANG_WARN_RANGE_LOOP_ANALYSIS = YES;
				CLANG_WARN_STRICT_PROTOTYPES = YES;
				CLANG_WARN_SUSPICIOUS_MOVE = YES;
				CLANG_WARN_UNGUARDED_AVAILABILITY = YES_AGGRESSIVE;
				CLANG_WARN_UNREACHABLE_CODE = YES;
				CLANG_WARN__DUPLICATE_METHOD_MATCH = YES;
				COPY_PHASE_STRIP = NO;
				DEBUG_INFORMATION_FORMAT = dwarf;
				ENABLE_STRICT_OBJC_MSGSEND = YES;
				ENABLE_TESTABILITY = YES;
				GCC_C_LANGUAGE_STANDARD = gnu11;
				GCC_DYNAMIC_NO_PIC = NO;
				GCC_NO_COMMON_BLOCKS = YES;
				GCC_OPTIMIZATION_LEVEL = 0;
				GCC_PREPROCESSOR_DEFINITIONS = (
					"DEBUG=1",
					"$(inherited)",
				);
				GCC_WARN_64_TO_32_BIT_CONVERSION = YES;
				GCC_WARN_ABOUT_RETURN_TYPE = YES_ERROR;
				GCC_WARN_UNDECLARED_SELECTOR = YES;
				GCC_WARN_UNINITIALIZED_AUTOS = YES_AGGRESSIVE;
				GCC_WARN_UNUSED_FUNCTION = YES;
				GCC_WARN_UNUSED_VARIABLE = YES;
				IPHONEOS_DEPLOYMENT_TARGET = 14.4;
				MTL_ENABLE_DEBUG_INFO = INCLUDE_SOURCE;
				MTL_FAST_MATH = YES;
				ONLY_ACTIVE_ARCH = YES;
				SDKROOT = iphoneos;
				SWIFT_ACTIVE_COMPILATION_CONDITIONS = DEBUG;
				SWIFT_OPTIMIZATION_LEVEL = "-Onone";
			};
			name = Debug;
		};
		8CF9CA5928684519003E62F7 /* Release */ = {
			isa = XCBuildConfiguration;
			buildSettings = {
				ALWAYS_SEARCH_USER_PATHS = NO;
				CLANG_ANALYZER_NONNULL = YES;
				CLANG_ANALYZER_NUMBER_OBJECT_CONVERSION = YES_AGGRESSIVE;
				CLANG_CXX_LANGUAGE_STANDARD = "gnu++14";
				CLANG_CXX_LIBRARY = "libc++";
				CLANG_ENABLE_MODULES = YES;
				CLANG_ENABLE_OBJC_ARC = YES;
				CLANG_ENABLE_OBJC_WEAK = YES;
				CLANG_WARN_BLOCK_CAPTURE_AUTORELEASING = YES;
				CLANG_WARN_BOOL_CONVERSION = YES;
				CLANG_WARN_COMMA = YES;
				CLANG_WARN_CONSTANT_CONVERSION = YES;
				CLANG_WARN_DEPRECATED_OBJC_IMPLEMENTATIONS = YES;
				CLANG_WARN_DIRECT_OBJC_ISA_USAGE = YES_ERROR;
				CLANG_WARN_DOCUMENTATION_COMMENTS = YES;
				CLANG_WARN_EMPTY_BODY = YES;
				CLANG_WARN_ENUM_CONVERSION = YES;
				CLANG_WARN_INFINITE_RECURSION = YES;
				CLANG_WARN_INT_CONVERSION = YES;
				CLANG_WARN_NON_LITERAL_NULL_CONVERSION = YES;
				CLANG_WARN_OBJC_IMPLICIT_RETAIN_SELF = YES;
				CLANG_WARN_OBJC_LITERAL_CONVERSION = YES;
				CLANG_WARN_OBJC_ROOT_CLASS = YES_ERROR;
				CLANG_WARN_QUOTED_INCLUDE_IN_FRAMEWORK_HEADER = YES;
				CLANG_WARN_RANGE_LOOP_ANALYSIS = YES;
				CLANG_WARN_STRICT_PROTOTYPES = YES;
				CLANG_WARN_SUSPICIOUS_MOVE = YES;
				CLANG_WARN_UNGUARDED_AVAILABILITY = YES_AGGRESSIVE;
				CLANG_WARN_UNREACHABLE_CODE = YES;
				CLANG_WARN__DUPLICATE_METHOD_MATCH = YES;
				COPY_PHASE_STRIP = NO;
				DEBUG_INFORMATION_FORMAT = "dwarf-with-dsym";
				ENABLE_NS_ASSERTIONS = NO;
				ENABLE_STRICT_OBJC_MSGSEND = YES;
				GCC_C_LANGUAGE_STANDARD = gnu11;
				GCC_NO_COMMON_BLOCKS = YES;
				GCC_WARN_64_TO_32_BIT_CONVERSION = YES;
				GCC_WARN_ABOUT_RETURN_TYPE = YES_ERROR;
				GCC_WARN_UNDECLARED_SELECTOR = YES;
				GCC_WARN_UNINITIALIZED_AUTOS = YES_AGGRESSIVE;
				GCC_WARN_UNUSED_FUNCTION = YES;
				GCC_WARN_UNUSED_VARIABLE = YES;
				IPHONEOS_DEPLOYMENT_TARGET = 14.4;
				MTL_ENABLE_DEBUG_INFO = NO;
				MTL_FAST_MATH = YES;
				SDKROOT = iphoneos;
				SWIFT_COMPILATION_MODE = wholemodule;
				SWIFT_OPTIMIZATION_LEVEL = "-O";
				VALIDATE_PRODUCT = YES;
			};
			name = Release;
		};
		8CF9CA5B28684519003E62F7 /* Debug */ = {
			isa = XCBuildConfiguration;
			buildSettings = {
				ASSETCATALOG_COMPILER_APPICON_NAME = AppIcon;
				ASSETCATALOG_COMPILER_GLOBAL_ACCENT_COLOR_NAME = AccentColor;
				CODE_SIGN_STYLE = Automatic;
				DEVELOPMENT_TEAM = GY7BG2G9TC;
				INFOPLIST_FILE = UnitTestWithMockNetworkCalls/Info.plist;
				LD_RUNPATH_SEARCH_PATHS = (
					"$(inherited)",
					"@executable_path/Frameworks",
				);
				PRODUCT_BUNDLE_IDENTIFIER = com.beckos.UnitTestWithMockNetworkCalls;
				PRODUCT_NAME = "$(TARGET_NAME)";
				SWIFT_VERSION = 5.0;
				TARGETED_DEVICE_FAMILY = "1,2";
			};
			name = Debug;
		};
		8CF9CA5C28684519003E62F7 /* Release */ = {
			isa = XCBuildConfiguration;
			buildSettings = {
				ASSETCATALOG_COMPILER_APPICON_NAME = AppIcon;
				ASSETCATALOG_COMPILER_GLOBAL_ACCENT_COLOR_NAME = AccentColor;
				CODE_SIGN_STYLE = Automatic;
				DEVELOPMENT_TEAM = GY7BG2G9TC;
				INFOPLIST_FILE = UnitTestWithMockNetworkCalls/Info.plist;
				LD_RUNPATH_SEARCH_PATHS = (
					"$(inherited)",
					"@executable_path/Frameworks",
				);
				PRODUCT_BUNDLE_IDENTIFIER = com.beckos.UnitTestWithMockNetworkCalls;
				PRODUCT_NAME = "$(TARGET_NAME)";
				SWIFT_VERSION = 5.0;
				TARGETED_DEVICE_FAMILY = "1,2";
			};
			name = Release;
		};
		8CF9CA5E28684519003E62F7 /* Debug */ = {
			isa = XCBuildConfiguration;
			buildSettings = {
				ALWAYS_EMBED_SWIFT_STANDARD_LIBRARIES = YES;
				BUNDLE_LOADER = "$(TEST_HOST)";
				CODE_SIGN_STYLE = Automatic;
				DEVELOPMENT_TEAM = GY7BG2G9TC;
				INFOPLIST_FILE = UnitTestWithMockNetworkCallsTests/Info.plist;
				IPHONEOS_DEPLOYMENT_TARGET = 14.4;
				LD_RUNPATH_SEARCH_PATHS = (
					"$(inherited)",
					"@executable_path/Frameworks",
					"@loader_path/Frameworks",
				);
				PRODUCT_BUNDLE_IDENTIFIER = com.beckos.UnitTestWithMockNetworkCallsTests;
				PRODUCT_NAME = "$(TARGET_NAME)";
				SWIFT_VERSION = 5.0;
				TARGETED_DEVICE_FAMILY = "1,2";
				TEST_HOST = "$(BUILT_PRODUCTS_DIR)/UnitTestWithMockNetworkCalls.app/UnitTestWithMockNetworkCalls";
			};
			name = Debug;
		};
		8CF9CA5F28684519003E62F7 /* Release */ = {
			isa = XCBuildConfiguration;
			buildSettings = {
				ALWAYS_EMBED_SWIFT_STANDARD_LIBRARIES = YES;
				BUNDLE_LOADER = "$(TEST_HOST)";
				CODE_SIGN_STYLE = Automatic;
				DEVELOPMENT_TEAM = GY7BG2G9TC;
				INFOPLIST_FILE = UnitTestWithMockNetworkCallsTests/Info.plist;
				IPHONEOS_DEPLOYMENT_TARGET = 14.4;
				LD_RUNPATH_SEARCH_PATHS = (
					"$(inherited)",
					"@executable_path/Frameworks",
					"@loader_path/Frameworks",
				);
				PRODUCT_BUNDLE_IDENTIFIER = com.beckos.UnitTestWithMockNetworkCallsTests;
				PRODUCT_NAME = "$(TARGET_NAME)";
				SWIFT_VERSION = 5.0;
				TARGETED_DEVICE_FAMILY = "1,2";
				TEST_HOST = "$(BUILT_PRODUCTS_DIR)/UnitTestWithMockNetworkCalls.app/UnitTestWithMockNetworkCalls";
			};
			name = Release;
		};
		8CF9CA6128684519003E62F7 /* Debug */ = {
			isa = XCBuildConfiguration;
			buildSettings = {
				ALWAYS_EMBED_SWIFT_STANDARD_LIBRARIES = YES;
				CODE_SIGN_STYLE = Automatic;
				DEVELOPMENT_TEAM = GY7BG2G9TC;
				INFOPLIST_FILE = UnitTestWithMockNetworkCallsUITests/Info.plist;
				LD_RUNPATH_SEARCH_PATHS = (
					"$(inherited)",
					"@executable_path/Frameworks",
					"@loader_path/Frameworks",
				);
				PRODUCT_BUNDLE_IDENTIFIER = com.beckos.UnitTestWithMockNetworkCallsUITests;
				PRODUCT_NAME = "$(TARGET_NAME)";
				SWIFT_VERSION = 5.0;
				TARGETED_DEVICE_FAMILY = "1,2";
				TEST_TARGET_NAME = UnitTestWithMockNetworkCalls;
			};
			name = Debug;
		};
		8CF9CA6228684519003E62F7 /* Release */ = {
			isa = XCBuildConfiguration;
			buildSettings = {
				ALWAYS_EMBED_SWIFT_STANDARD_LIBRARIES = YES;
				CODE_SIGN_STYLE = Automatic;
				DEVELOPMENT_TEAM = GY7BG2G9TC;
				INFOPLIST_FILE = UnitTestWithMockNetworkCallsUITests/Info.plist;
				LD_RUNPATH_SEARCH_PATHS = (
					"$(inherited)",
					"@executable_path/Frameworks",
					"@loader_path/Frameworks",
				);
				PRODUCT_BUNDLE_IDENTIFIER = com.beckos.UnitTestWithMockNetworkCallsUITests;
				PRODUCT_NAME = "$(TARGET_NAME)";
				SWIFT_VERSION = 5.0;
				TARGETED_DEVICE_FAMILY = "1,2";
				TEST_TARGET_NAME = UnitTestWithMockNetworkCalls;
			};
			name = Release;
		};
/* End XCBuildConfiguration section */

/* Begin XCConfigurationList section */
		8CF9CA2B28684518003E62F7 /* Build configuration list for PBXProject "UnitTestWithMockNetworkCalls" */ = {
			isa = XCConfigurationList;
			buildConfigurations = (
				8CF9CA5828684519003E62F7 /* Debug */,
				8CF9CA5928684519003E62F7 /* Release */,
			);
			defaultConfigurationIsVisible = 0;
			defaultConfigurationName = Release;
		};
		8CF9CA5A28684519003E62F7 /* Build configuration list for PBXNativeTarget "UnitTestWithMockNetworkCalls" */ = {
			isa = XCConfigurationList;
			buildConfigurations = (
				8CF9CA5B28684519003E62F7 /* Debug */,
				8CF9CA5C28684519003E62F7 /* Release */,
			);
			defaultConfigurationIsVisible = 0;
			defaultConfigurationName = Release;
		};
		8CF9CA5D28684519003E62F7 /* Build configuration list for PBXNativeTarget "UnitTestWithMockNetworkCallsTests" */ = {
			isa = XCConfigurationList;
			buildConfigurations = (
				8CF9CA5E28684519003E62F7 /* Debug */,
				8CF9CA5F28684519003E62F7 /* Release */,
			);
			defaultConfigurationIsVisible = 0;
			defaultConfigurationName = Release;
		};
		8CF9CA6028684519003E62F7 /* Build configuration list for PBXNativeTarget "UnitTestWithMockNetworkCallsUITests" */ = {
			isa = XCConfigurationList;
			buildConfigurations = (
				8CF9CA6128684519003E62F7 /* Debug */,
				8CF9CA6228684519003E62F7 /* Release */,
			);
			defaultConfigurationIsVisible = 0;
			defaultConfigurationName = Release;
		};
/* End XCConfigurationList section */
	};
	rootObject = 8CF9CA2828684518003E62F7 /* Project object */;
}
